
Microsoft Visual Studio Solution File, Format Version 12.00
# Visual Studio Version 17
VisualStudioVersion = 17.11.35208.52
MinimumVisualStudioVersion = 10.0.40219.1
Project("{FAE04EC0-301F-11D3-BF4B-00C04F79EFBC}") = "Normalizer", "Normalizer.csproj", "{ECAB5E47-F9B1-4539-AF66-DA8A3F2C4EC2}"
EndProject
Global
	GlobalSection(SolutionConfigurationPlatforms) = preSolution
		Debug|Any CPU = Debug|Any CPU
		Release|Any CPU = Release|Any CPU
	EndGlobalSection
	GlobalSection(ProjectConfigurationPlatforms) = postSolution
		{ECAB5E47-F9B1-4539-AF66-DA8A3F2C4EC2}.Debug|Any CPU.ActiveCfg = Debug|Any CPU
		{ECAB5E47-F9B1-4539-AF66-DA8A3F2C4EC2}.Debug|Any CPU.Build.0 = Debug|Any CPU
		{ECAB5E47-F9B1-4539-AF66-DA8A3F2C4EC2}.Release|Any CPU.ActiveCfg = Release|Any CPU
		{ECAB5E47-F9B1-4539-AF66-DA8A3F2C4EC2}.Release|Any CPU.Build.0 = Release|Any CPU
	EndGlobalSection
	GlobalSection(SolutionProperties) = preSolution
		HideSolutionNode = FALSE
	EndGlobalSection
	GlobalSection(ExtensibilityGlobals) = postSolution
		SolutionGuid = {C2A2AB29-D4C1-4C1D-9ED6-84DB78574F9E}
	EndGlobalSection
EndGlobal
